// !$*UTF8*$!
{
	archiveVersion = 1;
	classes = {
	};
	objectVersion = 56;
	objects = {

/* Begin PBXBuildFile section */
		8A5FB9DA2B665F10003D0050 /* AuthenticationProjectApp.swift in Sources */ = {isa = PBXBuildFile; fileRef = 8A5FB9D92B665F10003D0050 /* AuthenticationProjectApp.swift */; };
		8A5FB9DC2B665F10003D0050 /* AuthenticationView.swift in Sources */ = {isa = PBXBuildFile; fileRef = 8A5FB9DB2B665F10003D0050 /* AuthenticationView.swift */; };
		8A5FB9DE2B665F12003D0050 /* Assets.xcassets in Resources */ = {isa = PBXBuildFile; fileRef = 8A5FB9DD2B665F12003D0050 /* Assets.xcassets */; };
		8A5FB9E12B665F12003D0050 /* Preview Assets.xcassets in Resources */ = {isa = PBXBuildFile; fileRef = 8A5FB9E02B665F12003D0050 /* Preview Assets.xcassets */; };
		8A5FB9E92B665F36003D0050 /* AuthEmailView.swift in Sources */ = {isa = PBXBuildFile; fileRef = 8A5FB9E82B665F36003D0050 /* AuthEmailView.swift */; };
		8A5FB9EB2B665F3F003D0050 /* AuthEmailViewModel.swift in Sources */ = {isa = PBXBuildFile; fileRef = 8A5FB9EA2B665F3F003D0050 /* AuthEmailViewModel.swift */; };
		8A5FB9ED2B665F48003D0050 /* AuthManager.swift in Sources */ = {isa = PBXBuildFile; fileRef = 8A5FB9EC2B665F48003D0050 /* AuthManager.swift */; };
		8A5FB9EF2B665F55003D0050 /* GoogleService-Info.plist in Resources */ = {isa = PBXBuildFile; fileRef = 8A5FB9EE2B665F55003D0050 /* GoogleService-Info.plist */; };
		8A5FB9F22B665F7A003D0050 /* FirebaseAnalytics in Frameworks */ = {isa = PBXBuildFile; productRef = 8A5FB9F12B665F7A003D0050 /* FirebaseAnalytics */; };
		8A5FB9F62B665F7A003D0050 /* FirebaseAnalyticsSwift in Frameworks */ = {isa = PBXBuildFile; productRef = 8A5FB9F52B665F7A003D0050 /* FirebaseAnalyticsSwift */; };
		8A5FB9F82B665F7A003D0050 /* FirebaseAnalyticsWithoutAdIdSupport in Frameworks */ = {isa = PBXBuildFile; productRef = 8A5FB9F72B665F7A003D0050 /* FirebaseAnalyticsWithoutAdIdSupport */; };
		8A5FBA292B6666DA003D0050 /* FirebaseAuth in Frameworks */ = {isa = PBXBuildFile; productRef = 8A5FBA282B6666DA003D0050 /* FirebaseAuth */; };
		8A5FBA2B2B666E57003D0050 /* AuthModel.swift in Sources */ = {isa = PBXBuildFile; fileRef = 8A5FBA2A2B666E57003D0050 /* AuthModel.swift */; };
		8A5FBA2D2B66929E003D0050 /* RootView.swift in Sources */ = {isa = PBXBuildFile; fileRef = 8A5FBA2C2B66929E003D0050 /* RootView.swift */; };
		8A5FBA312B669474003D0050 /* ContentView.swift in Sources */ = {isa = PBXBuildFile; fileRef = 8A5FBA302B669474003D0050 /* ContentView.swift */; };
		8A5FBA332B669E9D003D0050 /* SettingView.swift in Sources */ = {isa = PBXBuildFile; fileRef = 8A5FBA322B669E9D003D0050 /* SettingView.swift */; };
		8A5FBA352B669F01003D0050 /* SettingViewModel.swift in Sources */ = {isa = PBXBuildFile; fileRef = 8A5FBA342B669F01003D0050 /* SettingViewModel.swift */; };
/* End PBXBuildFile section */

/* Begin PBXFileReference section */
		8A5FB9D62B665F10003D0050 /* AuthenticationProject.app */ = {isa = PBXFileReference; explicitFileType = wrapper.application; includeInIndex = 0; path = AuthenticationProject.app; sourceTree = BUILT_PRODUCTS_DIR; };
		8A5FB9D92B665F10003D0050 /* AuthenticationProjectApp.swift */ = {isa = PBXFileReference; lastKnownFileType = sourcecode.swift; path = AuthenticationProjectApp.swift; sourceTree = "<group>"; };
		8A5FB9DB2B665F10003D0050 /* AuthenticationView.swift */ = {isa = PBXFileReference; lastKnownFileType = sourcecode.swift; path = AuthenticationView.swift; sourceTree = "<group>"; };
		8A5FB9DD2B665F12003D0050 /* Assets.xcassets */ = {isa = PBXFileReference; lastKnownFileType = folder.assetcatalog; path = Assets.xcassets; sourceTree = "<group>"; };
		8A5FB9E02B665F12003D0050 /* Preview Assets.xcassets */ = {isa = PBXFileReference; lastKnownFileType = folder.assetcatalog; path = "Preview Assets.xcassets"; sourceTree = "<group>"; };
		8A5FB9E82B665F36003D0050 /* AuthEmailView.swift */ = {isa = PBXFileReference; lastKnownFileType = sourcecode.swift; path = AuthEmailView.swift; sourceTree = "<group>"; };
		8A5FB9EA2B665F3F003D0050 /* AuthEmailViewModel.swift */ = {isa = PBXFileReference; lastKnownFileType = sourcecode.swift; path = AuthEmailViewModel.swift; sourceTree = "<group>"; };
		8A5FB9EC2B665F48003D0050 /* AuthManager.swift */ = {isa = PBXFileReference; lastKnownFileType = sourcecode.swift; path = AuthManager.swift; sourceTree = "<group>"; };
		8A5FB9EE2B665F55003D0050 /* GoogleService-Info.plist */ = {isa = PBXFileReference; fileEncoding = 4; lastKnownFileType = text.plist.xml; path = "GoogleService-Info.plist"; sourceTree = "<group>"; };
		8A5FBA2A2B666E57003D0050 /* AuthModel.swift */ = {isa = PBXFileReference; lastKnownFileType = sourcecode.swift; path = AuthModel.swift; sourceTree = "<group>"; };
		8A5FBA2C2B66929E003D0050 /* RootView.swift */ = {isa = PBXFileReference; lastKnownFileType = sourcecode.swift; path = RootView.swift; sourceTree = "<group>"; };
		8A5FBA302B669474003D0050 /* ContentView.swift */ = {isa = PBXFileReference; lastKnownFileType = sourcecode.swift; path = ContentView.swift; sourceTree = "<group>"; };
		8A5FBA322B669E9D003D0050 /* SettingView.swift */ = {isa = PBXFileReference; lastKnownFileType = sourcecode.swift; path = SettingView.swift; sourceTree = "<group>"; };
		8A5FBA342B669F01003D0050 /* SettingViewModel.swift */ = {isa = PBXFileReference; lastKnownFileType = sourcecode.swift; path = SettingViewModel.swift; sourceTree = "<group>"; };
/* End PBXFileReference section */

/* Begin PBXFrameworksBuildPhase section */
		8A5FB9D32B665F10003D0050 /* Frameworks */ = {
			isa = PBXFrameworksBuildPhase;
			buildActionMask = 2147483647;
			files = (
				8A5FB9F62B665F7A003D0050 /* FirebaseAnalyticsSwift in Frameworks */,
				8A5FB9F22B665F7A003D0050 /* FirebaseAnalytics in Frameworks */,
				8A5FB9F82B665F7A003D0050 /* FirebaseAnalyticsWithoutAdIdSupport in Frameworks */,
				8A5FBA292B6666DA003D0050 /* FirebaseAuth in Frameworks */,
			);
			runOnlyForDeploymentPostprocessing = 0;
		};
/* End PBXFrameworksBuildPhase section */

/* Begin PBXGroup section */
		8A5FB9CD2B665F10003D0050 = {
			isa = PBXGroup;
			children = (
				8A5FB9D82B665F10003D0050 /* AuthenticationProject */,
				8A5FB9D72B665F10003D0050 /* Products */,
				8A5FBA272B6666DA003D0050 /* Frameworks */,
			);
			sourceTree = "<group>";
		};
		8A5FB9D72B665F10003D0050 /* Products */ = {
			isa = PBXGroup;
			children = (
				8A5FB9D62B665F10003D0050 /* AuthenticationProject.app */,
			);
			name = Products;
			sourceTree = "<group>";
		};
		8A5FB9D82B665F10003D0050 /* AuthenticationProject */ = {
			isa = PBXGroup;
			children = (
				8A5FB9D92B665F10003D0050 /* AuthenticationProjectApp.swift */,
				8A5FBA302B669474003D0050 /* ContentView.swift */,
				8A5FB9E72B665F20003D0050 /* Authentication */,
				8A5FBA362B669F09003D0050 /* Setting */,
				8A5FBA2C2B66929E003D0050 /* RootView.swift */,
				8A5FB9EE2B665F55003D0050 /* GoogleService-Info.plist */,
				8A5FB9DD2B665F12003D0050 /* Assets.xcassets */,
				8A5FB9DF2B665F12003D0050 /* Preview Content */,
			);
			path = AuthenticationProject;
			sourceTree = "<group>";
		};
		8A5FB9DF2B665F12003D0050 /* Preview Content */ = {
			isa = PBXGroup;
			children = (
				8A5FB9E02B665F12003D0050 /* Preview Assets.xcassets */,
			);
			path = "Preview Content";
			sourceTree = "<group>";
		};
		8A5FB9E72B665F20003D0050 /* Authentication */ = {
			isa = PBXGroup;
			children = (
				8A5FB9DB2B665F10003D0050 /* AuthenticationView.swift */,
				8A5FB9E82B665F36003D0050 /* AuthEmailView.swift */,
				8A5FB9EA2B665F3F003D0050 /* AuthEmailViewModel.swift */,
				8A5FB9EC2B665F48003D0050 /* AuthManager.swift */,
				8A5FBA2A2B666E57003D0050 /* AuthModel.swift */,
			);
			path = Authentication;
			sourceTree = "<group>";
		};
		8A5FBA272B6666DA003D0050 /* Frameworks */ = {
			isa = PBXGroup;
			children = (
			);
			name = Frameworks;
			sourceTree = "<group>";
		};
		8A5FBA362B669F09003D0050 /* Setting */ = {
			isa = PBXGroup;
			children = (
				8A5FBA322B669E9D003D0050 /* SettingView.swift */,
				8A5FBA342B669F01003D0050 /* SettingViewModel.swift */,
			);
			path = Setting;
			sourceTree = "<group>";
		};
/* End PBXGroup section */

/* Begin PBXNativeTarget section */
		8A5FB9D52B665F10003D0050 /* AuthenticationProject */ = {
			isa = PBXNativeTarget;
			buildConfigurationList = 8A5FB9E42B665F12003D0050 /* Build configuration list for PBXNativeTarget "AuthenticationProject" */;
			buildPhases = (
				8A5FB9D22B665F10003D0050 /* Sources */,
				8A5FB9D32B665F10003D0050 /* Frameworks */,
				8A5FB9D42B665F10003D0050 /* Resources */,
			);
			buildRules = (
			);
			dependencies = (
			);
			name = AuthenticationProject;
			packageProductDependencies = (
				8A5FB9F12B665F7A003D0050 /* FirebaseAnalytics */,
				8A5FB9F52B665F7A003D0050 /* FirebaseAnalyticsSwift */,
				8A5FB9F72B665F7A003D0050 /* FirebaseAnalyticsWithoutAdIdSupport */,
				8A5FBA282B6666DA003D0050 /* FirebaseAuth */,
			);
			productName = AuthenticationProject;
			productReference = 8A5FB9D62B665F10003D0050 /* AuthenticationProject.app */;
			productType = "com.apple.product-type.application";
		};
/* End PBXNativeTarget section */

/* Begin PBXProject section */
		8A5FB9CE2B665F10003D0050 /* Project object */ = {
			isa = PBXProject;
			attributes = {
				BuildIndependentTargetsInParallel = 1;
				LastSwiftUpdateCheck = 1520;
				LastUpgradeCheck = 1520;
				TargetAttributes = {
					8A5FB9D52B665F10003D0050 = {
						CreatedOnToolsVersion = 15.2;
					};
				};
			};
			buildConfigurationList = 8A5FB9D12B665F10003D0050 /* Build configuration list for PBXProject "AuthenticationProject" */;
			compatibilityVersion = "Xcode 14.0";
			developmentRegion = en;
			hasScannedForEncodings = 0;
			knownRegions = (
				en,
				Base,
			);
			mainGroup = 8A5FB9CD2B665F10003D0050;
			packageReferences = (
				8A5FB9F02B665F7A003D0050 /* XCRemoteSwiftPackageReference "firebase-ios-sdk" */,
			);
			productRefGroup = 8A5FB9D72B665F10003D0050 /* Products */;
			projectDirPath = "";
			projectRoot = "";
			targets = (
				8A5FB9D52B665F10003D0050 /* AuthenticationProject */,
			);
		};
/* End PBXProject section */

/* Begin PBXResourcesBuildPhase section */
		8A5FB9D42B665F10003D0050 /* Resources */ = {
			isa = PBXResourcesBuildPhase;
			buildActionMask = 2147483647;
			files = (
				8A5FB9E12B665F12003D0050 /* Preview Assets.xcassets in Resources */,
				8A5FB9DE2B665F12003D0050 /* Assets.xcassets in Resources */,
				8A5FB9EF2B665F55003D0050 /* GoogleService-Info.plist in Resources */,
			);
			runOnlyForDeploymentPostprocessing = 0;
		};
/* End PBXResourcesBuildPhase section */

/* Begin PBXSourcesBuildPhase section */
		8A5FB9D22B665F10003D0050 /* Sources */ = {
			isa = PBXSourcesBuildPhase;
			buildActionMask = 2147483647;
			files = (
				8A5FB9DC2B665F10003D0050 /* AuthenticationView.swift in Sources */,
				8A5FB9EB2B665F3F003D0050 /* AuthEmailViewModel.swift in Sources */,
				8A5FBA312B669474003D0050 /* ContentView.swift in Sources */,
				8A5FBA332B669E9D003D0050 /* SettingView.swift in Sources */,
				8A5FB9E92B665F36003D0050 /* AuthEmailView.swift in Sources */,
				8A5FBA352B669F01003D0050 /* SettingViewModel.swift in Sources */,
				8A5FB9DA2B665F10003D0050 /* AuthenticationProjectApp.swift in Sources */,
				8A5FBA2D2B66929E003D0050 /* RootView.swift in Sources */,
				8A5FB9ED2B665F48003D0050 /* AuthManager.swift in Sources */,
				8A5FBA2B2B666E57003D0050 /* AuthModel.swift in Sources */,
			);
			runOnlyForDeploymentPostprocessing = 0;
		};
/* End PBXSourcesBuildPhase section */

/* Begin XCBuildConfiguration section */
		8A5FB9E22B665F12003D0050 /* Debug */ = {
			isa = XCBuildConfiguration;
			buildSettings = {
				ALWAYS_SEARCH_USER_PATHS = NO;
				ASSETCATALOG_COMPILER_GENERATE_SWIFT_ASSET_SYMBOL_EXTENSIONS = YES;
				CLANG_ANALYZER_NONNULL = YES;
				CLANG_ANALYZER_NUMBER_OBJECT_CONVERSION = YES_AGGRESSIVE;
				CLANG_CXX_LANGUAGE_STANDARD = "gnu++20";
				CLANG_ENABLE_MODULES = YES;
				CLANG_ENABLE_OBJC_ARC = YES;
				CLANG_ENABLE_OBJC_WEAK = YES;
				CLANG_WARN_BLOCK_CAPTURE_AUTORELEASING = YES;
				CLANG_WARN_BOOL_CONVERSION = YES;
				CLANG_WARN_COMMA = YES;
				CLANG_WARN_CONSTANT_CONVERSION = YES;
				CLANG_WARN_DEPRECATED_OBJC_IMPLEMENTATIONS = YES;
				CLANG_WARN_DIRECT_OBJC_ISA_USAGE = YES_ERROR;
				CLANG_WARN_DOCUMENTATION_COMMENTS = YES;
				CLANG_WARN_EMPTY_BODY = YES;
				CLANG_WARN_ENUM_CONVERSION = YES;
				CLANG_WARN_INFINITE_RECURSION = YES;
				CLANG_WARN_INT_CONVERSION = YES;
				CLANG_WARN_NON_LITERAL_NULL_CONVERSION = YES;
				CLANG_WARN_OBJC_IMPLICIT_RETAIN_SELF = YES;
				CLANG_WARN_OBJC_LITERAL_CONVERSION = YES;
				CLANG_WARN_OBJC_ROOT_CLASS = YES_ERROR;
				CLANG_WARN_QUOTED_INCLUDE_IN_FRAMEWORK_HEADER = YES;
				CLANG_WARN_RANGE_LOOP_ANALYSIS = YES;
				CLANG_WARN_STRICT_PROTOTYPES = YES;
				CLANG_WARN_SUSPICIOUS_MOVE = YES;
				CLANG_WARN_UNGUARDED_AVAILABILITY = YES_AGGRESSIVE;
				CLANG_WARN_UNREACHABLE_CODE = YES;
				CLANG_WARN__DUPLICATE_METHOD_MATCH = YES;
				COPY_PHASE_STRIP = NO;
				DEBUG_INFORMATION_FORMAT = dwarf;
				ENABLE_STRICT_OBJC_MSGSEND = YES;
				ENABLE_TESTABILITY = YES;
				ENABLE_USER_SCRIPT_SANDBOXING = YES;
				GCC_C_LANGUAGE_STANDARD = gnu17;
				GCC_DYNAMIC_NO_PIC = NO;
				GCC_NO_COMMON_BLOCKS = YES;
				GCC_OPTIMIZATION_LEVEL = 0;
				GCC_PREPROCESSOR_DEFINITIONS = (
					"DEBUG=1",
					"$(inherited)",
				);
				GCC_WARN_64_TO_32_BIT_CONVERSION = YES;
				GCC_WARN_ABOUT_RETURN_TYPE = YES_ERROR;
				GCC_WARN_UNDECLARED_SELECTOR = YES;
				GCC_WARN_UNINITIALIZED_AUTOS = YES_AGGRESSIVE;
				GCC_WARN_UNUSED_FUNCTION = YES;
				GCC_WARN_UNUSED_VARIABLE = YES;
				IPHONEOS_DEPLOYMENT_TARGET = 17.2;
				LOCALIZATION_PREFERS_STRING_CATALOGS = YES;
				MTL_ENABLE_DEBUG_INFO = INCLUDE_SOURCE;
				MTL_FAST_MATH = YES;
				ONLY_ACTIVE_ARCH = YES;
				SDKROOT = iphoneos;
				SWIFT_ACTIVE_COMPILATION_CONDITIONS = "DEBUG $(inherited)";
				SWIFT_OPTIMIZATION_LEVEL = "-Onone";
			};
			name = Debug;
		};
		8A5FB9E32B665F12003D0050 /* Release */ = {
			isa = XCBuildConfiguration;
			buildSettings = {
				ALWAYS_SEARCH_USER_PATHS = NO;
				ASSETCATALOG_COMPILER_GENERATE_SWIFT_ASSET_SYMBOL_EXTENSIONS = YES;
				CLANG_ANALYZER_NONNULL = YES;
				CLANG_ANALYZER_NUMBER_OBJECT_CONVERSION = YES_AGGRESSIVE;
				CLANG_CXX_LANGUAGE_STANDARD = "gnu++20";
				CLANG_ENABLE_MODULES = YES;
				CLANG_ENABLE_OBJC_ARC = YES;
				CLANG_ENABLE_OBJC_WEAK = YES;
				CLANG_WARN_BLOCK_CAPTURE_AUTORELEASING = YES;
				CLANG_WARN_BOOL_CONVERSION = YES;
				CLANG_WARN_COMMA = YES;
				CLANG_WARN_CONSTANT_CONVERSION = YES;
				CLANG_WARN_DEPRECATED_OBJC_IMPLEMENTATIONS = YES;
				CLANG_WARN_DIRECT_OBJC_ISA_USAGE = YES_ERROR;
				CLANG_WARN_DOCUMENTATION_COMMENTS = YES;
				CLANG_WARN_EMPTY_BODY = YES;
				CLANG_WARN_ENUM_CONVERSION = YES;
				CLANG_WARN_INFINITE_RECURSION = YES;
				CLANG_WARN_INT_CONVERSION = YES;
				CLANG_WARN_NON_LITERAL_NULL_CONVERSION = YES;
				CLANG_WARN_OBJC_IMPLICIT_RETAIN_SELF = YES;
				CLANG_WARN_OBJC_LITERAL_CONVERSION = YES;
				CLANG_WARN_OBJC_ROOT_CLASS = YES_ERROR;
				CLANG_WARN_QUOTED_INCLUDE_IN_FRAMEWORK_HEADER = YES;
				CLANG_WARN_RANGE_LOOP_ANALYSIS = YES;
				CLANG_WARN_STRICT_PROTOTYPES = YES;
				CLANG_WARN_SUSPICIOUS_MOVE = YES;
				CLANG_WARN_UNGUARDED_AVAILABILITY = YES_AGGRESSIVE;
				CLANG_WARN_UNREACHABLE_CODE = YES;
				CLANG_WARN__DUPLICATE_METHOD_MATCH = YES;
				COPY_PHASE_STRIP = NO;
				DEBUG_INFORMATION_FORMAT = "dwarf-with-dsym";
				ENABLE_NS_ASSERTIONS = NO;
				ENABLE_STRICT_OBJC_MSGSEND = YES;
				ENABLE_USER_SCRIPT_SANDBOXING = YES;
				GCC_C_LANGUAGE_STANDARD = gnu17;
				GCC_NO_COMMON_BLOCKS = YES;
				GCC_WARN_64_TO_32_BIT_CONVERSION = YES;
				GCC_WARN_ABOUT_RETURN_TYPE = YES_ERROR;
				GCC_WARN_UNDECLARED_SELECTOR = YES;
				GCC_WARN_UNINITIALIZED_AUTOS = YES_AGGRESSIVE;
				GCC_WARN_UNUSED_FUNCTION = YES;
				GCC_WARN_UNUSED_VARIABLE = YES;
				IPHONEOS_DEPLOYMENT_TARGET = 17.2;
				LOCALIZATION_PREFERS_STRING_CATALOGS = YES;
				MTL_ENABLE_DEBUG_INFO = NO;
				MTL_FAST_MATH = YES;
				SDKROOT = iphoneos;
				SWIFT_COMPILATION_MODE = wholemodule;
				VALIDATE_PRODUCT = YES;
			};
			name = Release;
		};
		8A5FB9E52B665F12003D0050 /* Debug */ = {
			isa = XCBuildConfiguration;
			buildSettings = {
				ASSETCATALOG_COMPILER_APPICON_NAME = AppIcon;
				ASSETCATALOG_COMPILER_GLOBAL_ACCENT_COLOR_NAME = AccentColor;
				CODE_SIGN_STYLE = Automatic;
				CURRENT_PROJECT_VERSION = 1;
				DEVELOPMENT_ASSET_PATHS = "\"AuthenticationProject/Preview Content\"";
				DEVELOPMENT_TEAM = 7T93UNM5FF;
				ENABLE_PREVIEWS = YES;
				GENERATE_INFOPLIST_FILE = YES;
				INFOPLIST_KEY_UIApplicationSceneManifest_Generation = YES;
				INFOPLIST_KEY_UIApplicationSupportsIndirectInputEvents = YES;
				INFOPLIST_KEY_UILaunchScreen_Generation = YES;
				INFOPLIST_KEY_UISupportedInterfaceOrientations_iPad = "UIInterfaceOrientationPortrait UIInterfaceOrientationPortraitUpsideDown UIInterfaceOrientationLandscapeLeft UIInterfaceOrientationLandscapeRight";
				INFOPLIST_KEY_UISupportedInterfaceOrientations_iPhone = "UIInterfaceOrientationPortrait UIInterfaceOrientationLandscapeLeft UIInterfaceOrientationLandscapeRight";
				LD_RUNPATH_SEARCH_PATHS = (
					"$(inherited)",
					"@executable_path/Frameworks",
				);
				MARKETING_VERSION = 1.0;
				PRODUCT_BUNDLE_IDENTIFIER = meunomeecris.AuthenticationProject;
				PRODUCT_NAME = "$(TARGET_NAME)";
				SWIFT_EMIT_LOC_STRINGS = YES;
				SWIFT_VERSION = 5.0;
				TARGETED_DEVICE_FAMILY = "1,2";
			};
			name = Debug;
		};
		8A5FB9E62B665F12003D0050 /* Release */ = {
			isa = XCBuildConfiguration;
			buildSettings = {
				ASSETCATALOG_COMPILER_APPICON_NAME = AppIcon;
				ASSETCATALOG_COMPILER_GLOBAL_ACCENT_COLOR_NAME = AccentColor;
				CODE_SIGN_STYLE = Automatic;
				CURRENT_PROJECT_VERSION = 1;
				DEVELOPMENT_ASSET_PATHS = "\"AuthenticationProject/Preview Content\"";
				DEVELOPMENT_TEAM = 7T93UNM5FF;
				ENABLE_PREVIEWS = YES;
				GENERATE_INFOPLIST_FILE = YES;
				INFOPLIST_KEY_UIApplicationSceneManifest_Generation = YES;
				INFOPLIST_KEY_UIApplicationSupportsIndirectInputEvents = YES;
				INFOPLIST_KEY_UILaunchScreen_Generation = YES;
				INFOPLIST_KEY_UISupportedInterfaceOrientations_iPad = "UIInterfaceOrientationPortrait UIInterfaceOrientationPortraitUpsideDown UIInterfaceOrientationLandscapeLeft UIInterfaceOrientationLandscapeRight";
				INFOPLIST_KEY_UISupportedInterfaceOrientations_iPhone = "UIInterfaceOrientationPortrait UIInterfaceOrientationLandscapeLeft UIInterfaceOrientationLandscapeRight";
				LD_RUNPATH_SEARCH_PATHS = (
					"$(inherited)",
					"@executable_path/Frameworks",
				);
				MARKETING_VERSION = 1.0;
				PRODUCT_BUNDLE_IDENTIFIER = meunomeecris.AuthenticationProject;
				PRODUCT_NAME = "$(TARGET_NAME)";
				SWIFT_EMIT_LOC_STRINGS = YES;
				SWIFT_VERSION = 5.0;
				TARGETED_DEVICE_FAMILY = "1,2";
			};
			name = Release;
		};
/* End XCBuildConfiguration section */

/* Begin XCConfigurationList section */
		8A5FB9D12B665F10003D0050 /* Build configuration list for PBXProject "AuthenticationProject" */ = {
			isa = XCConfigurationList;
			buildConfigurations = (
				8A5FB9E22B665F12003D0050 /* Debug */,
				8A5FB9E32B665F12003D0050 /* Release */,
			);
			defaultConfigurationIsVisible = 0;
			defaultConfigurationName = Release;
		};
		8A5FB9E42B665F12003D0050 /* Build configuration list for PBXNativeTarget "AuthenticationProject" */ = {
			isa = XCConfigurationList;
			buildConfigurations = (
				8A5FB9E52B665F12003D0050 /* Debug */,
				8A5FB9E62B665F12003D0050 /* Release */,
			);
			defaultConfigurationIsVisible = 0;
			defaultConfigurationName = Release;
		};
/* End XCConfigurationList section */

/* Begin XCRemoteSwiftPackageReference section */
		8A5FB9F02B665F7A003D0050 /* XCRemoteSwiftPackageReference "firebase-ios-sdk" */ = {
			isa = XCRemoteSwiftPackageReference;
			repositoryURL = "https://github.com/firebase/firebase-ios-sdk.git";
			requirement = {
				kind = upToNextMajorVersion;
				minimumVersion = 10.20.0;
			};
		};
/* End XCRemoteSwiftPackageReference section */

/* Begin XCSwiftPackageProductDependency section */
		8A5FB9F12B665F7A003D0050 /* FirebaseAnalytics */ = {
			isa = XCSwiftPackageProductDependency;
			package = 8A5FB9F02B665F7A003D0050 /* XCRemoteSwiftPackageReference "firebase-ios-sdk" */;
			productName = FirebaseAnalytics;
		};
		8A5FB9F52B665F7A003D0050 /* FirebaseAnalyticsSwift */ = {
			isa = XCSwiftPackageProductDependency;
			package = 8A5FB9F02B665F7A003D0050 /* XCRemoteSwiftPackageReference "firebase-ios-sdk" */;
			productName = FirebaseAnalyticsSwift;
		};
		8A5FB9F72B665F7A003D0050 /* FirebaseAnalyticsWithoutAdIdSupport */ = {
			isa = XCSwiftPackageProductDependency;
			package = 8A5FB9F02B665F7A003D0050 /* XCRemoteSwiftPackageReference "firebase-ios-sdk" */;
			productName = FirebaseAnalyticsWithoutAdIdSupport;
		};
		8A5FBA282B6666DA003D0050 /* FirebaseAuth */ = {
			isa = XCSwiftPackageProductDependency;
			package = 8A5FB9F02B665F7A003D0050 /* XCRemoteSwiftPackageReference "firebase-ios-sdk" */;
			productName = FirebaseAuth;
		};
/* End XCSwiftPackageProductDependency section */
	};
	rootObject = 8A5FB9CE2B665F10003D0050 /* Project object */;
}
